
Microsoft Visual Studio Solution File, Format Version 12.00
# Visual Studio Version 16
VisualStudioVersion = 16.0.30309.148
MinimumVisualStudioVersion = 10.0.40219.1
Project("{FAE04EC0-301F-11D3-BF4B-00C04F79EFBC}") = "XamarinMobile.Android", "XamarinMobile\XamarinMobile.Android\XamarinMobile.Android.csproj", "{0F829EFD-6589-4431-9CBA-5C738C4A2C2F}"
EndProject
Project("{FAE04EC0-301F-11D3-BF4B-00C04F79EFBC}") = "XamarinMobile.iOS", "XamarinMobile\XamarinMobile.iOS\XamarinMobile.iOS.csproj", "{DE717960-58B9-48CD-B98E-5F57FA79556C}"
EndProject
Project("{9A19103F-16F7-4668-BE54-9A1E7A4F7556}") = "XamarinMobile", "XamarinMobile\XamarinMobile\XamarinMobile.csproj", "{76AE490A-01A6-4916-898B-6E0030546D0A}"
EndProject
Global
	GlobalSection(SolutionConfigurationPlatforms) = preSolution
		Debug|Any CPU = Debug|Any CPU
		Debug|iPhone = Debug|iPhone
		Debug|iPhoneSimulator = Debug|iPhoneSimulator
		Release|Any CPU = Release|Any CPU
		Release|iPhone = Release|iPhone
		Release|iPhoneSimulator = Release|iPhoneSimulator
	EndGlobalSection
	GlobalSection(ProjectConfigurationPlatforms) = postSolution
		{0F829EFD-6589-4431-9CBA-5C738C4A2C2F}.Debug|Any CPU.ActiveCfg = Debug|Any CPU
		{0F829EFD-6589-4431-9CBA-5C738C4A2C2F}.Debug|Any CPU.Build.0 = Debug|Any CPU
		{0F829EFD-6589-4431-9CBA-5C738C4A2C2F}.Debug|Any CPU.Deploy.0 = Debug|Any CPU
		{0F829EFD-6589-4431-9CBA-5C738C4A2C2F}.Debug|iPhone.ActiveCfg = Debug|Any CPU
		{0F829EFD-6589-4431-9CBA-5C738C4A2C2F}.Debug|iPhone.Build.0 = Debug|Any CPU
		{0F829EFD-6589-4431-9CBA-5C738C4A2C2F}.Debug|iPhone.Deploy.0 = Debug|Any CPU
		{0F829EFD-6589-4431-9CBA-5C738C4A2C2F}.Debug|iPhoneSimulator.ActiveCfg = Debug|Any CPU
		{0F829EFD-6589-4431-9CBA-5C738C4A2C2F}.Debug|iPhoneSimulator.Build.0 = Debug|Any CPU
		{0F829EFD-6589-4431-9CBA-5C738C4A2C2F}.Debug|iPhoneSimulator.Deploy.0 = Debug|Any CPU
		{0F829EFD-6589-4431-9CBA-5C738C4A2C2F}.Release|Any CPU.ActiveCfg = Release|Any CPU
		{0F829EFD-6589-4431-9CBA-5C738C4A2C2F}.Release|Any CPU.Build.0 = Release|Any CPU
		{0F829EFD-6589-4431-9CBA-5C738C4A2C2F}.Release|Any CPU.Deploy.0 = Release|Any CPU
		{0F829EFD-6589-4431-9CBA-5C738C4A2C2F}.Release|iPhone.ActiveCfg = Release|Any CPU
		{0F829EFD-6589-4431-9CBA-5C738C4A2C2F}.Release|iPhone.Build.0 = Release|Any CPU
		{0F829EFD-6589-4431-9CBA-5C738C4A2C2F}.Release|iPhone.Deploy.0 = Release|Any CPU
		{0F829EFD-6589-4431-9CBA-5C738C4A2C2F}.Release|iPhoneSimulator.ActiveCfg = Release|Any CPU
		{0F829EFD-6589-4431-9CBA-5C738C4A2C2F}.Release|iPhoneSimulator.Build.0 = Release|Any CPU
		{0F829EFD-6589-4431-9CBA-5C738C4A2C2F}.Release|iPhoneSimulator.Deploy.0 = Release|Any CPU
		{DE717960-58B9-48CD-B98E-5F57FA79556C}.Debug|Any CPU.ActiveCfg = Debug|iPhone
		{DE717960-58B9-48CD-B98E-5F57FA79556C}.Debug|Any CPU.Build.0 = Debug|iPhone
		{DE717960-58B9-48CD-B98E-5F57FA79556C}.Debug|Any CPU.Deploy.0 = Debug|iPhone
		{DE717960-58B9-48CD-B98E-5F57FA79556C}.Debug|iPhone.ActiveCfg = Debug|iPhone
		{DE717960-58B9-48CD-B98E-5F57FA79556C}.Debug|iPhone.Build.0 = Debug|iPhone
		{DE717960-58B9-48CD-B98E-5F57FA79556C}.Debug|iPhone.Deploy.0 = Debug|iPhone
		{DE717960-58B9-48CD-B98E-5F57FA79556C}.Debug|iPhoneSimulator.ActiveCfg = Debug|iPhoneSimulator
		{DE717960-58B9-48CD-B98E-5F57FA79556C}.Debug|iPhoneSimulator.Build.0 = Debug|iPhoneSimulator
		{DE717960-58B9-48CD-B98E-5F57FA79556C}.Debug|iPhoneSimulator.Deploy.0 = Debug|iPhoneSimulator
		{DE717960-58B9-48CD-B98E-5F57FA79556C}.Release|Any CPU.ActiveCfg = Release|iPhone
		{DE717960-58B9-48CD-B98E-5F57FA79556C}.Release|Any CPU.Build.0 = Release|iPhone
		{DE717960-58B9-48CD-B98E-5F57FA79556C}.Release|Any CPU.Deploy.0 = Release|iPhone
		{DE717960-58B9-48CD-B98E-5F57FA79556C}.Release|iPhone.ActiveCfg = Release|iPhone
		{DE717960-58B9-48CD-B98E-5F57FA79556C}.Release|iPhone.Build.0 = Release|iPhone
		{DE717960-58B9-48CD-B98E-5F57FA79556C}.Release|iPhone.Deploy.0 = Release|iPhone
		{DE717960-58B9-48CD-B98E-5F57FA79556C}.Release|iPhoneSimulator.ActiveCfg = Release|iPhoneSimulator
		{DE717960-58B9-48CD-B98E-5F57FA79556C}.Release|iPhoneSimulator.Build.0 = Release|iPhoneSimulator
		{DE717960-58B9-48CD-B98E-5F57FA79556C}.Release|iPhoneSimulator.Deploy.0 = Release|iPhoneSimulator
		{76AE490A-01A6-4916-898B-6E0030546D0A}.Debug|Any CPU.ActiveCfg = Debug|Any CPU
		{76AE490A-01A6-4916-898B-6E0030546D0A}.Debug|Any CPU.Build.0 = Debug|Any CPU
		{76AE490A-01A6-4916-898B-6E0030546D0A}.Debug|Any CPU.Deploy.0 = Debug|Any CPU
		{76AE490A-01A6-4916-898B-6E0030546D0A}.Debug|iPhone.ActiveCfg = Debug|Any CPU
		{76AE490A-01A6-4916-898B-6E0030546D0A}.Debug|iPhone.Build.0 = Debug|Any CPU
		{76AE490A-01A6-4916-898B-6E0030546D0A}.Debug|iPhone.Deploy.0 = Debug|Any CPU
		{76AE490A-01A6-4916-898B-6E0030546D0A}.Debug|iPhoneSimulator.ActiveCfg = Debug|Any CPU
		{76AE490A-01A6-4916-898B-6E0030546D0A}.Debug|iPhoneSimulator.Build.0 = Debug|Any CPU
		{76AE490A-01A6-4916-898B-6E0030546D0A}.Debug|iPhoneSimulator.Deploy.0 = Debug|Any CPU
		{76AE490A-01A6-4916-898B-6E0030546D0A}.Release|Any CPU.ActiveCfg = Release|Any CPU
		{76AE490A-01A6-4916-898B-6E0030546D0A}.Release|Any CPU.Build.0 = Release|Any CPU
		{76AE490A-01A6-4916-898B-6E0030546D0A}.Release|Any CPU.Deploy.0 = Release|Any CPU
		{76AE490A-01A6-4916-898B-6E0030546D0A}.Release|iPhone.ActiveCfg = Release|Any CPU
		{76AE490A-01A6-4916-898B-6E0030546D0A}.Release|iPhone.Build.0 = Release|Any CPU
		{76AE490A-01A6-4916-898B-6E0030546D0A}.Release|iPhone.Deploy.0 = Release|Any CPU
		{76AE490A-01A6-4916-898B-6E0030546D0A}.Release|iPhoneSimulator.ActiveCfg = Release|Any CPU
		{76AE490A-01A6-4916-898B-6E0030546D0A}.Release|iPhoneSimulator.Build.0 = Release|Any CPU
		{76AE490A-01A6-4916-898B-6E0030546D0A}.Release|iPhoneSimulator.Deploy.0 = Release|Any CPU
	EndGlobalSection
	GlobalSection(SolutionProperties) = preSolution
		HideSolutionNode = FALSE
	EndGlobalSection
	GlobalSection(ExtensibilityGlobals) = postSolution
		SolutionGuid = {A2866D26-9DC2-4161-910D-62B356DBEF9D}
	EndGlobalSection
EndGlobal
